
Microsoft Visual Studio Solution File, Format Version 12.00
# Visual Studio 15
Project("{FAE04EC0-301F-11D3-BF4B-00C04F79EFBC}") = "Assembly-CSharp", "Assembly-CSharp.csproj", "{F395968F-1A30-0D76-C227-F2CC818A9227}"
EndProject
Project("{FAE04EC0-301F-11D3-BF4B-00C04F79EFBC}") = "Assembly-CSharp-Editor", "Assembly-CSharp-Editor.csproj", "{77DD6DFA-E270-DCB9-3576-56ECE02CABAA}"
EndProject
Global
	GlobalSection(SolutionConfigurationPlatforms) = preSolution
		Debug|Any CPU = Debug|Any CPU
		Release|Any CPU = Release|Any CPU
	EndGlobalSection
	GlobalSection(ProjectConfigurationPlatforms) = postSolution
		{F395968F-1A30-0D76-C227-F2CC818A9227}.Debug|Any CPU.ActiveCfg = Debug|Any CPU
		{F395968F-1A30-0D76-C227-F2CC818A9227}.Debug|Any CPU.Build.0 = Debug|Any CPU
		{F395968F-1A30-0D76-C227-F2CC818A9227}.Release|Any CPU.ActiveCfg = Release|Any CPU
		{F395968F-1A30-0D76-C227-F2CC818A9227}.Release|Any CPU.Build.0 = Release|Any CPU
		{77DD6DFA-E270-DCB9-3576-56ECE02CABAA}.Debug|Any CPU.ActiveCfg = Debug|Any CPU
		{77DD6DFA-E270-DCB9-3576-56ECE02CABAA}.Debug|Any CPU.Build.0 = Debug|Any CPU
		{77DD6DFA-E270-DCB9-3576-56ECE02CABAA}.Release|Any CPU.ActiveCfg = Release|Any CPU
		{77DD6DFA-E270-DCB9-3576-56ECE02CABAA}.Release|Any CPU.Build.0 = Release|Any CPU
	EndGlobalSection
	GlobalSection(SolutionProperties) = preSolution
		HideSolutionNode = FALSE
	EndGlobalSection
EndGlobal
